
Microsoft Visual Studio Solution File, Format Version 12.00
# Visual Studio Version 16
VisualStudioVersion = 16.0.30413.136
MinimumVisualStudioVersion = 10.0.40219.1
Project("{F2A71F9B-5D33-465A-A702-920D77279786}") = "FSharpMarkdown", "FSharpMarkdown.fsproj", "{5B29BDE6-9FEC-4AD7-A8BE-C6E3B70F28D6}"
EndProject
Global
	GlobalSection(SolutionConfigurationPlatforms) = preSolution
		Debug|Any CPU = Debug|Any CPU
		Release|Any CPU = Release|Any CPU
	EndGlobalSection
	GlobalSection(ProjectConfigurationPlatforms) = postSolution
		{5B29BDE6-9FEC-4AD7-A8BE-C6E3B70F28D6}.Debug|Any CPU.ActiveCfg = Debug|Any CPU
		{5B29BDE6-9FEC-4AD7-A8BE-C6E3B70F28D6}.Debug|Any CPU.Build.0 = Debug|Any CPU
		{5B29BDE6-9FEC-4AD7-A8BE-C6E3B70F28D6}.Release|Any CPU.ActiveCfg = Release|Any CPU
		{5B29BDE6-9FEC-4AD7-A8BE-C6E3B70F28D6}.Release|Any CPU.Build.0 = Release|Any CPU
	EndGlobalSection
	GlobalSection(SolutionProperties) = preSolution
		HideSolutionNode = FALSE
	EndGlobalSection
	GlobalSection(ExtensibilityGlobals) = postSolution
		SolutionGuid = {7439AB69-1039-4B0A-B989-7760777AF8ED}
	EndGlobalSection
EndGlobal
